
Microsoft Visual Studio Solution File, Format Version 12.00
# Visual Studio Version 17
VisualStudioVersion = 17.0.32112.339
MinimumVisualStudioVersion = 10.0.40219.1
Project("{FAE04EC0-301F-11D3-BF4B-00C04F79EFBC}") = "ReGridder", "ReGridder\ReGridder.csproj", "{2F3ECA86-47E8-43AD-8E7D-2385973169BE}"
EndProject
Global
	GlobalSection(SolutionConfigurationPlatforms) = preSolution
		Debug|Any CPU = Debug|Any CPU
		Release|Any CPU = Release|Any CPU
	EndGlobalSection
	GlobalSection(ProjectConfigurationPlatforms) = postSolution
		{2F3ECA86-47E8-43AD-8E7D-2385973169BE}.Debug|Any CPU.ActiveCfg = Debug|Any CPU
		{2F3ECA86-47E8-43AD-8E7D-2385973169BE}.Debug|Any CPU.Build.0 = Debug|Any CPU
		{2F3ECA86-47E8-43AD-8E7D-2385973169BE}.Release|Any CPU.ActiveCfg = Release|Any CPU
		{2F3ECA86-47E8-43AD-8E7D-2385973169BE}.Release|Any CPU.Build.0 = Release|Any CPU
	EndGlobalSection
	GlobalSection(SolutionProperties) = preSolution
		HideSolutionNode = FALSE
	EndGlobalSection
	GlobalSection(ExtensibilityGlobals) = postSolution
		SolutionGuid = {D0764043-2820-466A-9770-4B042942B50D}
	EndGlobalSection
EndGlobal
